// !$*UTF8*$!
{
	archiveVersion = 1;
	classes = {
	};
	objectVersion = 50;
	objects = {

/* Begin PBXBuildFile section */
		0686ED12214E7040003C5796 /* PriceInfoIntentHandler.swift in Sources */ = {isa = PBXBuildFile; fileRef = 0686ED11214E7040003C5796 /* PriceInfoIntentHandler.swift */; };
		1122D4D221407CB200BD9DA2 /* ShopItemDetail.swift in Sources */ = {isa = PBXBuildFile; fileRef = 1122D4D121407CB200BD9DA2 /* ShopItemDetail.swift */; };
		114F3ADC2141755000B7BDCD /* ShopItemDetailExtension.swift in Sources */ = {isa = PBXBuildFile; fileRef = 114F3ADB2141755000B7BDCD /* ShopItemDetailExtension.swift */; };
		114F3ADE2141770D00B7BDCD /* Intents.intentdefinition in Sources */ = {isa = PBXBuildFile; fileRef = 114F3ADD2141770D00B7BDCD /* Intents.intentdefinition */; settings = {ATTRIBUTES = (no_codegen, ); }; };
		11843CF3213DCA210090D801 /* ShopItemCell.swift in Sources */ = {isa = PBXBuildFile; fileRef = 11843CF2213DCA210090D801 /* ShopItemCell.swift */; };
		118CC71621495D0D00FAD194 /* IntentFramework.h in Headers */ = {isa = PBXBuildFile; fileRef = 118CC71421495D0D00FAD194 /* IntentFramework.h */; settings = {ATTRIBUTES = (Public, ); }; };
		118CC71921495D0D00FAD194 /* IntentFramework.framework in Frameworks */ = {isa = PBXBuildFile; fileRef = 118CC71221495D0D00FAD194 /* IntentFramework.framework */; };
		118CC71A21495D0D00FAD194 /* IntentFramework.framework in Embed Frameworks */ = {isa = PBXBuildFile; fileRef = 118CC71221495D0D00FAD194 /* IntentFramework.framework */; settings = {ATTRIBUTES = (CodeSignOnCopy, RemoveHeadersOnCopy, ); }; };
		118CC72121495D2B00FAD194 /* BuyItemIntentHandler.swift in Sources */ = {isa = PBXBuildFile; fileRef = 114F3ADF214178F000B7BDCD /* BuyItemIntentHandler.swift */; };
		118CC72221495D4C00FAD194 /* Intents.intentdefinition in Sources */ = {isa = PBXBuildFile; fileRef = 114F3ADD2141770D00B7BDCD /* Intents.intentdefinition */; };
		118CC72321495D7500FAD194 /* ShopItemManager.swift in Sources */ = {isa = PBXBuildFile; fileRef = 114F3AE12141796900B7BDCD /* ShopItemManager.swift */; };
		118CC72421495DC500FAD194 /* ShopItem.swift in Sources */ = {isa = PBXBuildFile; fileRef = 11843CF4213DCAE20090D801 /* ShopItem.swift */; };
		118CC72C2149604300FAD194 /* IntentHandler.swift in Sources */ = {isa = PBXBuildFile; fileRef = 118CC72B2149604300FAD194 /* IntentHandler.swift */; };
		118CC7352149604300FAD194 /* IntentsUI.framework in Frameworks */ = {isa = PBXBuildFile; fileRef = 118CC7342149604300FAD194 /* IntentsUI.framework */; };
		118CC7382149604300FAD194 /* IntentViewController.swift in Sources */ = {isa = PBXBuildFile; fileRef = 118CC7372149604300FAD194 /* IntentViewController.swift */; };
		118CC73B2149604300FAD194 /* MainInterface.storyboard in Resources */ = {isa = PBXBuildFile; fileRef = 118CC7392149604300FAD194 /* MainInterface.storyboard */; };
		118CC73F2149604300FAD194 /* DemoIntentExtensionUI.appex in Embed App Extensions */ = {isa = PBXBuildFile; fileRef = 118CC7322149604300FAD194 /* DemoIntentExtensionUI.appex */; settings = {ATTRIBUTES = (RemoveHeadersOnCopy, ); }; };
		118CC7422149604300FAD194 /* DemoIntentExtension.appex in Embed App Extensions */ = {isa = PBXBuildFile; fileRef = 118CC7292149604300FAD194 /* DemoIntentExtension.appex */; settings = {ATTRIBUTES = (RemoveHeadersOnCopy, ); }; };
		118CC74A2149679F00FAD194 /* IntentFramework.framework in Frameworks */ = {isa = PBXBuildFile; fileRef = 118CC71221495D0D00FAD194 /* IntentFramework.framework */; };
		118CC74B214967A400FAD194 /* IntentFramework.framework in Frameworks */ = {isa = PBXBuildFile; fileRef = 118CC71221495D0D00FAD194 /* IntentFramework.framework */; };
		11CDAA21214089860079370B /* DonatationManager.swift in Sources */ = {isa = PBXBuildFile; fileRef = 11CDAA20214089860079370B /* DonatationManager.swift */; };
		11D14223213DC8CC00B264FD /* AppDelegate.swift in Sources */ = {isa = PBXBuildFile; fileRef = 11D14222213DC8CC00B264FD /* AppDelegate.swift */; };
		11D14225213DC8CD00B264FD /* ShopViewController.swift in Sources */ = {isa = PBXBuildFile; fileRef = 11D14224213DC8CD00B264FD /* ShopViewController.swift */; };
		11D14228213DC8CD00B264FD /* Main.storyboard in Resources */ = {isa = PBXBuildFile; fileRef = 11D14226213DC8CD00B264FD /* Main.storyboard */; };
		11D1422A213DC8CE00B264FD /* Assets.xcassets in Resources */ = {isa = PBXBuildFile; fileRef = 11D14229213DC8CE00B264FD /* Assets.xcassets */; };
		11D1422D213DC8CE00B264FD /* LaunchScreen.storyboard in Resources */ = {isa = PBXBuildFile; fileRef = 11D1422B213DC8CE00B264FD /* LaunchScreen.storyboard */; };
		11D5509C214D601500F5F277 /* Interface.storyboard in Resources */ = {isa = PBXBuildFile; fileRef = 11D5509A214D601500F5F277 /* Interface.storyboard */; };
		11D5509E214D601600F5F277 /* Assets.xcassets in Resources */ = {isa = PBXBuildFile; fileRef = 11D5509D214D601600F5F277 /* Assets.xcassets */; };
		11D550A5214D601600F5F277 /* FancyWatch Extension.appex in Embed App Extensions */ = {isa = PBXBuildFile; fileRef = 11D550A4214D601600F5F277 /* FancyWatch Extension.appex */; settings = {ATTRIBUTES = (RemoveHeadersOnCopy, ); }; };
		11D550AA214D601600F5F277 /* InterfaceController.swift in Sources */ = {isa = PBXBuildFile; fileRef = 11D550A9214D601600F5F277 /* InterfaceController.swift */; };
		11D550AC214D601600F5F277 /* ExtensionDelegate.swift in Sources */ = {isa = PBXBuildFile; fileRef = 11D550AB214D601600F5F277 /* ExtensionDelegate.swift */; };
		11D550AE214D601600F5F277 /* NotificationController.swift in Sources */ = {isa = PBXBuildFile; fileRef = 11D550AD214D601600F5F277 /* NotificationController.swift */; };
		11D550B0214D601600F5F277 /* Assets.xcassets in Resources */ = {isa = PBXBuildFile; fileRef = 11D550AF214D601600F5F277 /* Assets.xcassets */; };
		11D550B5214D601600F5F277 /* FancyWatch.app in Embed Watch Content */ = {isa = PBXBuildFile; fileRef = 11D55098214D601500F5F277 /* FancyWatch.app */; };
		11D550C5214D602200F5F277 /* IntentHandler.swift in Sources */ = {isa = PBXBuildFile; fileRef = 11D550C4214D602200F5F277 /* IntentHandler.swift */; };
		11D550C9214D602200F5F277 /* WatchIntentExtension.appex in Embed App Extensions */ = {isa = PBXBuildFile; fileRef = 11D550C2214D602200F5F277 /* WatchIntentExtension.appex */; settings = {ATTRIBUTES = (RemoveHeadersOnCopy, ); }; };
		11D550D7214D604200F5F277 /* WatchFramework.h in Headers */ = {isa = PBXBuildFile; fileRef = 11D550D5214D604200F5F277 /* WatchFramework.h */; settings = {ATTRIBUTES = (Public, ); }; };
		11D550DA214D604200F5F277 /* WatchFramework.framework in Frameworks */ = {isa = PBXBuildFile; fileRef = 11D550D3214D604200F5F277 /* WatchFramework.framework */; };
		11D550DB214D604200F5F277 /* WatchFramework.framework in Embed Frameworks */ = {isa = PBXBuildFile; fileRef = 11D550D3214D604200F5F277 /* WatchFramework.framework */; settings = {ATTRIBUTES = (CodeSignOnCopy, RemoveHeadersOnCopy, ); }; };
		11D550E0214D605500F5F277 /* ShopItem.swift in Sources */ = {isa = PBXBuildFile; fileRef = 11843CF4213DCAE20090D801 /* ShopItem.swift */; };
		11D550E1214D605500F5F277 /* ShopItemManager.swift in Sources */ = {isa = PBXBuildFile; fileRef = 114F3AE12141796900B7BDCD /* ShopItemManager.swift */; };
		11D550E2214D605500F5F277 /* BuyItemIntentHandler.swift in Sources */ = {isa = PBXBuildFile; fileRef = 114F3ADF214178F000B7BDCD /* BuyItemIntentHandler.swift */; };
		11D550E3214D607D00F5F277 /* Intents.intentdefinition in Sources */ = {isa = PBXBuildFile; fileRef = 114F3ADD2141770D00B7BDCD /* Intents.intentdefinition */; };
		11D550E4214D60B900F5F277 /* WatchFramework.framework in Frameworks */ = {isa = PBXBuildFile; fileRef = 11D550D3214D604200F5F277 /* WatchFramework.framework */; };
		11D550E5214D60B900F5F277 /* WatchFramework.framework in Embed Frameworks */ = {isa = PBXBuildFile; fileRef = 11D550D3214D604200F5F277 /* WatchFramework.framework */; settings = {ATTRIBUTES = (CodeSignOnCopy, RemoveHeadersOnCopy, ); }; };
		11D550EA214D60BD00F5F277 /* WatchFramework.framework in Frameworks */ = {isa = PBXBuildFile; fileRef = 11D550D3214D604200F5F277 /* WatchFramework.framework */; };
		11D550EB214D60D000F5F277 /* Intents.intentdefinition in Resources */ = {isa = PBXBuildFile; fileRef = 114F3ADD2141770D00B7BDCD /* Intents.intentdefinition */; };
		11D550EC214D60D300F5F277 /* Intents.intentdefinition in Sources */ = {isa = PBXBuildFile; fileRef = 114F3ADD2141770D00B7BDCD /* Intents.intentdefinition */; settings = {ATTRIBUTES = (no_codegen, ); }; };
		11D550ED214D60D600F5F277 /* Intents.intentdefinition in Sources */ = {isa = PBXBuildFile; fileRef = 114F3ADD2141770D00B7BDCD /* Intents.intentdefinition */; settings = {ATTRIBUTES = (no_codegen, ); }; };
		11D550EE214D60EA00F5F277 /* Intents.intentdefinition in Sources */ = {isa = PBXBuildFile; fileRef = 114F3ADD2141770D00B7BDCD /* Intents.intentdefinition */; settings = {ATTRIBUTES = (no_codegen, ); }; };
		11D550EF214D60EA00F5F277 /* Intents.intentdefinition in Sources */ = {isa = PBXBuildFile; fileRef = 114F3ADD2141770D00B7BDCD /* Intents.intentdefinition */; settings = {ATTRIBUTES = (no_codegen, ); }; };
/* End PBXBuildFile section */

/* Begin PBXContainerItemProxy section */
		118CC71721495D0D00FAD194 /* PBXContainerItemProxy */ = {
			isa = PBXContainerItemProxy;
			containerPortal = 11D14217213DC8CC00B264FD /* Project object */;
			proxyType = 1;
			remoteGlobalIDString = 118CC71121495D0D00FAD194;
			remoteInfo = IntentFramework;
		};
		118CC73D2149604300FAD194 /* PBXContainerItemProxy */ = {
			isa = PBXContainerItemProxy;
			containerPortal = 11D14217213DC8CC00B264FD /* Project object */;
			proxyType = 1;
			remoteGlobalIDString = 118CC7312149604300FAD194;
			remoteInfo = DemoIntentExtensionUI;
		};
		118CC7402149604300FAD194 /* PBXContainerItemProxy */ = {
			isa = PBXContainerItemProxy;
			containerPortal = 11D14217213DC8CC00B264FD /* Project object */;
			proxyType = 1;
			remoteGlobalIDString = 118CC7282149604300FAD194;
			remoteInfo = DemoIntentExtension;
		};
		11D550A6214D601600F5F277 /* PBXContainerItemProxy */ = {
			isa = PBXContainerItemProxy;
			containerPortal = 11D14217213DC8CC00B264FD /* Project object */;
			proxyType = 1;
			remoteGlobalIDString = 11D550A3214D601600F5F277;
			remoteInfo = "FancyWatch Extension";
		};
		11D550B3214D601600F5F277 /* PBXContainerItemProxy */ = {
			isa = PBXContainerItemProxy;
			containerPortal = 11D14217213DC8CC00B264FD /* Project object */;
			proxyType = 1;
			remoteGlobalIDString = 11D55097214D601500F5F277;
			remoteInfo = FancyWatch;
		};
		11D550C7214D602200F5F277 /* PBXContainerItemProxy */ = {
			isa = PBXContainerItemProxy;
			containerPortal = 11D14217213DC8CC00B264FD /* Project object */;
			proxyType = 1;
			remoteGlobalIDString = 11D550C1214D602200F5F277;
			remoteInfo = WatchIntentExtension;
		};
		11D550D8214D604200F5F277 /* PBXContainerItemProxy */ = {
			isa = PBXContainerItemProxy;
			containerPortal = 11D14217213DC8CC00B264FD /* Project object */;
			proxyType = 1;
			remoteGlobalIDString = 11D550D2214D604200F5F277;
			remoteInfo = WatchFramework;
		};
		11D550E6214D60B900F5F277 /* PBXContainerItemProxy */ = {
			isa = PBXContainerItemProxy;
			containerPortal = 11D14217213DC8CC00B264FD /* Project object */;
			proxyType = 1;
			remoteGlobalIDString = 11D550D2214D604200F5F277;
			remoteInfo = WatchFramework;
		};
/* End PBXContainerItemProxy section */

/* Begin PBXCopyFilesBuildPhase section */
		118CC71E21495D0D00FAD194 /* Embed Frameworks */ = {
			isa = PBXCopyFilesBuildPhase;
			buildActionMask = 2147483647;
			dstPath = "";
			dstSubfolderSpec = 10;
			files = (
				118CC71A21495D0D00FAD194 /* IntentFramework.framework in Embed Frameworks */,
			);
			name = "Embed Frameworks";
			runOnlyForDeploymentPostprocessing = 0;
		};
		118CC7492149604300FAD194 /* Embed App Extensions */ = {
			isa = PBXCopyFilesBuildPhase;
			buildActionMask = 2147483647;
			dstPath = "";
			dstSubfolderSpec = 13;
			files = (
				118CC73F2149604300FAD194 /* DemoIntentExtensionUI.appex in Embed App Extensions */,
				118CC7422149604300FAD194 /* DemoIntentExtension.appex in Embed App Extensions */,
			);
			name = "Embed App Extensions";
			runOnlyForDeploymentPostprocessing = 0;
		};
		11D550BB214D601600F5F277 /* Embed App Extensions */ = {
			isa = PBXCopyFilesBuildPhase;
			buildActionMask = 2147483647;
			dstPath = "";
			dstSubfolderSpec = 13;
			files = (
				11D550A5214D601600F5F277 /* FancyWatch Extension.appex in Embed App Extensions */,
			);
			name = "Embed App Extensions";
			runOnlyForDeploymentPostprocessing = 0;
		};
		11D550BD214D601600F5F277 /* Embed Watch Content */ = {
			isa = PBXCopyFilesBuildPhase;
			buildActionMask = 2147483647;
			dstPath = "$(CONTENTS_FOLDER_PATH)/Watch";
			dstSubfolderSpec = 16;
			files = (
				11D550B5214D601600F5F277 /* FancyWatch.app in Embed Watch Content */,
			);
			name = "Embed Watch Content";
			runOnlyForDeploymentPostprocessing = 0;
		};
		11D550CD214D602200F5F277 /* Embed App Extensions */ = {
			isa = PBXCopyFilesBuildPhase;
			buildActionMask = 2147483647;
			dstPath = "";
			dstSubfolderSpec = 13;
			files = (
				11D550C9214D602200F5F277 /* WatchIntentExtension.appex in Embed App Extensions */,
			);
			name = "Embed App Extensions";
			runOnlyForDeploymentPostprocessing = 0;
		};
		11D550DF214D604200F5F277 /* Embed Frameworks */ = {
			isa = PBXCopyFilesBuildPhase;
			buildActionMask = 2147483647;
			dstPath = "";
			dstSubfolderSpec = 10;
			files = (
				11D550DB214D604200F5F277 /* WatchFramework.framework in Embed Frameworks */,
			);
			name = "Embed Frameworks";
			runOnlyForDeploymentPostprocessing = 0;
		};
		11D550E9214D60B900F5F277 /* Embed Frameworks */ = {
			isa = PBXCopyFilesBuildPhase;
			buildActionMask = 2147483647;
			dstPath = "";
			dstSubfolderSpec = 10;
			files = (
				11D550E5214D60B900F5F277 /* WatchFramework.framework in Embed Frameworks */,
			);
			name = "Embed Frameworks";
			runOnlyForDeploymentPostprocessing = 0;
		};
/* End PBXCopyFilesBuildPhase section */

/* Begin PBXFileReference section */
		0686ED11214E7040003C5796 /* PriceInfoIntentHandler.swift */ = {isa = PBXFileReference; lastKnownFileType = sourcecode.swift; path = PriceInfoIntentHandler.swift; sourceTree = "<group>"; };
		1122D4D121407CB200BD9DA2 /* ShopItemDetail.swift */ = {isa = PBXFileReference; lastKnownFileType = sourcecode.swift; path = ShopItemDetail.swift; sourceTree = "<group>"; };
		114F3ADB2141755000B7BDCD /* ShopItemDetailExtension.swift */ = {isa = PBXFileReference; lastKnownFileType = sourcecode.swift; path = ShopItemDetailExtension.swift; sourceTree = "<group>"; };
		114F3ADD2141770D00B7BDCD /* Intents.intentdefinition */ = {isa = PBXFileReference; lastKnownFileType = file.intentdefinition; path = Intents.intentdefinition; sourceTree = "<group>"; };
		114F3ADF214178F000B7BDCD /* BuyItemIntentHandler.swift */ = {isa = PBXFileReference; lastKnownFileType = sourcecode.swift; path = BuyItemIntentHandler.swift; sourceTree = "<group>"; };
		114F3AE12141796900B7BDCD /* ShopItemManager.swift */ = {isa = PBXFileReference; lastKnownFileType = sourcecode.swift; path = ShopItemManager.swift; sourceTree = "<group>"; };
		11843CF2213DCA210090D801 /* ShopItemCell.swift */ = {isa = PBXFileReference; lastKnownFileType = sourcecode.swift; path = ShopItemCell.swift; sourceTree = "<group>"; };
		11843CF4213DCAE20090D801 /* ShopItem.swift */ = {isa = PBXFileReference; lastKnownFileType = sourcecode.swift; path = ShopItem.swift; sourceTree = "<group>"; };
		118CC71221495D0D00FAD194 /* IntentFramework.framework */ = {isa = PBXFileReference; explicitFileType = wrapper.framework; includeInIndex = 0; path = IntentFramework.framework; sourceTree = BUILT_PRODUCTS_DIR; };
		118CC71421495D0D00FAD194 /* IntentFramework.h */ = {isa = PBXFileReference; lastKnownFileType = sourcecode.c.h; path = IntentFramework.h; sourceTree = "<group>"; };
		118CC71521495D0D00FAD194 /* Info.plist */ = {isa = PBXFileReference; lastKnownFileType = text.plist.xml; path = Info.plist; sourceTree = "<group>"; };
		118CC7292149604300FAD194 /* DemoIntentExtension.appex */ = {isa = PBXFileReference; explicitFileType = "wrapper.app-extension"; includeInIndex = 0; path = DemoIntentExtension.appex; sourceTree = BUILT_PRODUCTS_DIR; };
		118CC72B2149604300FAD194 /* IntentHandler.swift */ = {isa = PBXFileReference; lastKnownFileType = sourcecode.swift; path = IntentHandler.swift; sourceTree = "<group>"; };
		118CC72D2149604300FAD194 /* Info.plist */ = {isa = PBXFileReference; lastKnownFileType = text.plist.xml; path = Info.plist; sourceTree = "<group>"; };
		118CC7322149604300FAD194 /* DemoIntentExtensionUI.appex */ = {isa = PBXFileReference; explicitFileType = "wrapper.app-extension"; includeInIndex = 0; path = DemoIntentExtensionUI.appex; sourceTree = BUILT_PRODUCTS_DIR; };
		118CC7342149604300FAD194 /* IntentsUI.framework */ = {isa = PBXFileReference; lastKnownFileType = wrapper.framework; name = IntentsUI.framework; path = System/Library/Frameworks/IntentsUI.framework; sourceTree = SDKROOT; };
		118CC7372149604300FAD194 /* IntentViewController.swift */ = {isa = PBXFileReference; lastKnownFileType = sourcecode.swift; path = IntentViewController.swift; sourceTree = "<group>"; };
		118CC73A2149604300FAD194 /* Base */ = {isa = PBXFileReference; lastKnownFileType = file.storyboard; name = Base; path = Base.lproj/MainInterface.storyboard; sourceTree = "<group>"; };
		118CC73C2149604300FAD194 /* Info.plist */ = {isa = PBXFileReference; lastKnownFileType = text.plist.xml; path = Info.plist; sourceTree = "<group>"; };
		11CDAA20214089860079370B /* DonatationManager.swift */ = {isa = PBXFileReference; lastKnownFileType = sourcecode.swift; path = DonatationManager.swift; sourceTree = "<group>"; };
		11D1421F213DC8CC00B264FD /* FancyShop.app */ = {isa = PBXFileReference; explicitFileType = wrapper.application; includeInIndex = 0; path = FancyShop.app; sourceTree = BUILT_PRODUCTS_DIR; };
		11D14222213DC8CC00B264FD /* AppDelegate.swift */ = {isa = PBXFileReference; lastKnownFileType = sourcecode.swift; path = AppDelegate.swift; sourceTree = "<group>"; };
		11D14224213DC8CD00B264FD /* ShopViewController.swift */ = {isa = PBXFileReference; lastKnownFileType = sourcecode.swift; path = ShopViewController.swift; sourceTree = "<group>"; };
		11D14227213DC8CD00B264FD /* Base */ = {isa = PBXFileReference; lastKnownFileType = file.storyboard; name = Base; path = Base.lproj/Main.storyboard; sourceTree = "<group>"; };
		11D14229213DC8CE00B264FD /* Assets.xcassets */ = {isa = PBXFileReference; lastKnownFileType = folder.assetcatalog; path = Assets.xcassets; sourceTree = "<group>"; };
		11D1422C213DC8CE00B264FD /* Base */ = {isa = PBXFileReference; lastKnownFileType = file.storyboard; name = Base; path = Base.lproj/LaunchScreen.storyboard; sourceTree = "<group>"; };
		11D1422E213DC8CE00B264FD /* Info.plist */ = {isa = PBXFileReference; lastKnownFileType = text.plist.xml; path = Info.plist; sourceTree = "<group>"; };
		11D55098214D601500F5F277 /* FancyWatch.app */ = {isa = PBXFileReference; explicitFileType = wrapper.application; includeInIndex = 0; path = FancyWatch.app; sourceTree = BUILT_PRODUCTS_DIR; };
		11D5509B214D601500F5F277 /* Base */ = {isa = PBXFileReference; lastKnownFileType = file.storyboard; name = Base; path = Base.lproj/Interface.storyboard; sourceTree = "<group>"; };
		11D5509D214D601600F5F277 /* Assets.xcassets */ = {isa = PBXFileReference; lastKnownFileType = folder.assetcatalog; path = Assets.xcassets; sourceTree = "<group>"; };
		11D5509F214D601600F5F277 /* Info.plist */ = {isa = PBXFileReference; lastKnownFileType = text.plist.xml; path = Info.plist; sourceTree = "<group>"; };
		11D550A4214D601600F5F277 /* FancyWatch Extension.appex */ = {isa = PBXFileReference; explicitFileType = "wrapper.app-extension"; includeInIndex = 0; path = "FancyWatch Extension.appex"; sourceTree = BUILT_PRODUCTS_DIR; };
		11D550A9214D601600F5F277 /* InterfaceController.swift */ = {isa = PBXFileReference; lastKnownFileType = sourcecode.swift; path = InterfaceController.swift; sourceTree = "<group>"; };
		11D550AB214D601600F5F277 /* ExtensionDelegate.swift */ = {isa = PBXFileReference; lastKnownFileType = sourcecode.swift; path = ExtensionDelegate.swift; sourceTree = "<group>"; };
		11D550AD214D601600F5F277 /* NotificationController.swift */ = {isa = PBXFileReference; lastKnownFileType = sourcecode.swift; path = NotificationController.swift; sourceTree = "<group>"; };
		11D550AF214D601600F5F277 /* Assets.xcassets */ = {isa = PBXFileReference; lastKnownFileType = folder.assetcatalog; path = Assets.xcassets; sourceTree = "<group>"; };
		11D550B1214D601600F5F277 /* Info.plist */ = {isa = PBXFileReference; lastKnownFileType = text.plist.xml; path = Info.plist; sourceTree = "<group>"; };
		11D550B2214D601600F5F277 /* PushNotificationPayload.apns */ = {isa = PBXFileReference; lastKnownFileType = text; path = PushNotificationPayload.apns; sourceTree = "<group>"; };
		11D550C2214D602200F5F277 /* WatchIntentExtension.appex */ = {isa = PBXFileReference; explicitFileType = "wrapper.app-extension"; includeInIndex = 0; path = WatchIntentExtension.appex; sourceTree = BUILT_PRODUCTS_DIR; };
		11D550C4214D602200F5F277 /* IntentHandler.swift */ = {isa = PBXFileReference; lastKnownFileType = sourcecode.swift; path = IntentHandler.swift; sourceTree = "<group>"; };
		11D550C6214D602200F5F277 /* Info.plist */ = {isa = PBXFileReference; lastKnownFileType = text.plist.xml; path = Info.plist; sourceTree = "<group>"; };
		11D550D3214D604200F5F277 /* WatchFramework.framework */ = {isa = PBXFileReference; explicitFileType = wrapper.framework; includeInIndex = 0; path = WatchFramework.framework; sourceTree = BUILT_PRODUCTS_DIR; };
		11D550D5214D604200F5F277 /* WatchFramework.h */ = {isa = PBXFileReference; lastKnownFileType = sourcecode.c.h; path = WatchFramework.h; sourceTree = "<group>"; };
		11D550D6214D604200F5F277 /* Info.plist */ = {isa = PBXFileReference; lastKnownFileType = text.plist.xml; path = Info.plist; sourceTree = "<group>"; };
/* End PBXFileReference section */

/* Begin PBXFrameworksBuildPhase section */
		118CC70F21495D0D00FAD194 /* Frameworks */ = {
			isa = PBXFrameworksBuildPhase;
			buildActionMask = 2147483647;
			files = (
			);
			runOnlyForDeploymentPostprocessing = 0;
		};
		118CC7262149604300FAD194 /* Frameworks */ = {
			isa = PBXFrameworksBuildPhase;
			buildActionMask = 2147483647;
			files = (
				118CC74A2149679F00FAD194 /* IntentFramework.framework in Frameworks */,
			);
			runOnlyForDeploymentPostprocessing = 0;
		};
		118CC72F2149604300FAD194 /* Frameworks */ = {
			isa = PBXFrameworksBuildPhase;
			buildActionMask = 2147483647;
			files = (
				118CC74B214967A400FAD194 /* IntentFramework.framework in Frameworks */,
				118CC7352149604300FAD194 /* IntentsUI.framework in Frameworks */,
			);
			runOnlyForDeploymentPostprocessing = 0;
		};
		11D1421C213DC8CC00B264FD /* Frameworks */ = {
			isa = PBXFrameworksBuildPhase;
			buildActionMask = 2147483647;
			files = (
				118CC71921495D0D00FAD194 /* IntentFramework.framework in Frameworks */,
			);
			runOnlyForDeploymentPostprocessing = 0;
		};
		11D550A1214D601600F5F277 /* Frameworks */ = {
			isa = PBXFrameworksBuildPhase;
			buildActionMask = 2147483647;
			files = (
				11D550DA214D604200F5F277 /* WatchFramework.framework in Frameworks */,
			);
			runOnlyForDeploymentPostprocessing = 0;
		};
		11D550BF214D602200F5F277 /* Frameworks */ = {
			isa = PBXFrameworksBuildPhase;
			buildActionMask = 2147483647;
			files = (
				11D550EA214D60BD00F5F277 /* WatchFramework.framework in Frameworks */,
			);
			runOnlyForDeploymentPostprocessing = 0;
		};
		11D550D0214D604200F5F277 /* Frameworks */ = {
			isa = PBXFrameworksBuildPhase;
			buildActionMask = 2147483647;
			files = (
			);
			runOnlyForDeploymentPostprocessing = 0;
		};
		11D550E8214D60B900F5F277 /* Frameworks */ = {
			isa = PBXFrameworksBuildPhase;
			buildActionMask = 2147483647;
			files = (
				11D550E4214D60B900F5F277 /* WatchFramework.framework in Frameworks */,
			);
			runOnlyForDeploymentPostprocessing = 0;
		};
/* End PBXFrameworksBuildPhase section */

/* Begin PBXGroup section */
		118CC71321495D0D00FAD194 /* IntentFramework */ = {
			isa = PBXGroup;
			children = (
				118CC71421495D0D00FAD194 /* IntentFramework.h */,
				118CC71521495D0D00FAD194 /* Info.plist */,
				11843CF4213DCAE20090D801 /* ShopItem.swift */,
				114F3AE12141796900B7BDCD /* ShopItemManager.swift */,
				114F3ADF214178F000B7BDCD /* BuyItemIntentHandler.swift */,
				0686ED11214E7040003C5796 /* PriceInfoIntentHandler.swift */,
			);
			path = IntentFramework;
			sourceTree = "<group>";
		};
		118CC72A2149604300FAD194 /* DemoIntentExtension */ = {
			isa = PBXGroup;
			children = (
				118CC72B2149604300FAD194 /* IntentHandler.swift */,
				118CC72D2149604300FAD194 /* Info.plist */,
			);
			path = DemoIntentExtension;
			sourceTree = "<group>";
		};
		118CC7332149604300FAD194 /* Frameworks */ = {
			isa = PBXGroup;
			children = (
				118CC7342149604300FAD194 /* IntentsUI.framework */,
			);
			name = Frameworks;
			sourceTree = "<group>";
		};
		118CC7362149604300FAD194 /* DemoIntentExtensionUI */ = {
			isa = PBXGroup;
			children = (
				118CC7372149604300FAD194 /* IntentViewController.swift */,
				118CC7392149604300FAD194 /* MainInterface.storyboard */,
				118CC73C2149604300FAD194 /* Info.plist */,
			);
			path = DemoIntentExtensionUI;
			sourceTree = "<group>";
		};
		11D14216213DC8CC00B264FD = {
			isa = PBXGroup;
			children = (
				11D14221213DC8CC00B264FD /* FancyShop */,
				118CC71321495D0D00FAD194 /* IntentFramework */,
				118CC72A2149604300FAD194 /* DemoIntentExtension */,
				118CC7362149604300FAD194 /* DemoIntentExtensionUI */,
				11D55099214D601500F5F277 /* FancyWatch */,
				11D550A8214D601600F5F277 /* FancyWatch Extension */,
				11D550C3214D602200F5F277 /* WatchIntentExtension */,
				11D550D4214D604200F5F277 /* WatchFramework */,
				118CC7332149604300FAD194 /* Frameworks */,
				11D14220213DC8CC00B264FD /* Products */,
			);
			sourceTree = "<group>";
		};
		11D14220213DC8CC00B264FD /* Products */ = {
			isa = PBXGroup;
			children = (
				11D1421F213DC8CC00B264FD /* FancyShop.app */,
				118CC71221495D0D00FAD194 /* IntentFramework.framework */,
				118CC7292149604300FAD194 /* DemoIntentExtension.appex */,
				118CC7322149604300FAD194 /* DemoIntentExtensionUI.appex */,
				11D55098214D601500F5F277 /* FancyWatch.app */,
				11D550A4214D601600F5F277 /* FancyWatch Extension.appex */,
				11D550C2214D602200F5F277 /* WatchIntentExtension.appex */,
				11D550D3214D604200F5F277 /* WatchFramework.framework */,
			);
			name = Products;
			sourceTree = "<group>";
		};
		11D14221213DC8CC00B264FD /* FancyShop */ = {
			isa = PBXGroup;
			children = (
				11D14222213DC8CC00B264FD /* AppDelegate.swift */,
				11D14224213DC8CD00B264FD /* ShopViewController.swift */,
				1122D4D121407CB200BD9DA2 /* ShopItemDetail.swift */,
				114F3ADB2141755000B7BDCD /* ShopItemDetailExtension.swift */,
				11843CF2213DCA210090D801 /* ShopItemCell.swift */,
				11CDAA20214089860079370B /* DonatationManager.swift */,
				11D14226213DC8CD00B264FD /* Main.storyboard */,
				11D14229213DC8CE00B264FD /* Assets.xcassets */,
				11D1422B213DC8CE00B264FD /* LaunchScreen.storyboard */,
				11D1422E213DC8CE00B264FD /* Info.plist */,
				114F3ADD2141770D00B7BDCD /* Intents.intentdefinition */,
			);
			path = FancyShop;
			sourceTree = "<group>";
		};
		11D55099214D601500F5F277 /* FancyWatch */ = {
			isa = PBXGroup;
			children = (
				11D5509A214D601500F5F277 /* Interface.storyboard */,
				11D5509D214D601600F5F277 /* Assets.xcassets */,
				11D5509F214D601600F5F277 /* Info.plist */,
			);
			path = FancyWatch;
			sourceTree = "<group>";
		};
		11D550A8214D601600F5F277 /* FancyWatch Extension */ = {
			isa = PBXGroup;
			children = (
				11D550A9214D601600F5F277 /* InterfaceController.swift */,
				11D550AB214D601600F5F277 /* ExtensionDelegate.swift */,
				11D550AD214D601600F5F277 /* NotificationController.swift */,
				11D550AF214D601600F5F277 /* Assets.xcassets */,
				11D550B1214D601600F5F277 /* Info.plist */,
				11D550B2214D601600F5F277 /* PushNotificationPayload.apns */,
			);
			path = "FancyWatch Extension";
			sourceTree = "<group>";
		};
		11D550C3214D602200F5F277 /* WatchIntentExtension */ = {
			isa = PBXGroup;
			children = (
				11D550C4214D602200F5F277 /* IntentHandler.swift */,
				11D550C6214D602200F5F277 /* Info.plist */,
			);
			path = WatchIntentExtension;
			sourceTree = "<group>";
		};
		11D550D4214D604200F5F277 /* WatchFramework */ = {
			isa = PBXGroup;
			children = (
				11D550D5214D604200F5F277 /* WatchFramework.h */,
				11D550D6214D604200F5F277 /* Info.plist */,
			);
			path = WatchFramework;
			sourceTree = "<group>";
		};
/* End PBXGroup section */

/* Begin PBXHeadersBuildPhase section */
		118CC70D21495D0D00FAD194 /* Headers */ = {
			isa = PBXHeadersBuildPhase;
			buildActionMask = 2147483647;
			files = (
				118CC71621495D0D00FAD194 /* IntentFramework.h in Headers */,
			);
			runOnlyForDeploymentPostprocessing = 0;
		};
		11D550CE214D604200F5F277 /* Headers */ = {
			isa = PBXHeadersBuildPhase;
			buildActionMask = 2147483647;
			files = (
				11D550D7214D604200F5F277 /* WatchFramework.h in Headers */,
			);
			runOnlyForDeploymentPostprocessing = 0;
		};
/* End PBXHeadersBuildPhase section */

/* Begin PBXNativeTarget section */
		118CC71121495D0D00FAD194 /* IntentFramework */ = {
			isa = PBXNativeTarget;
			buildConfigurationList = 118CC71D21495D0D00FAD194 /* Build configuration list for PBXNativeTarget "IntentFramework" */;
			buildPhases = (
				118CC70D21495D0D00FAD194 /* Headers */,
				118CC70E21495D0D00FAD194 /* Sources */,
				118CC70F21495D0D00FAD194 /* Frameworks */,
				118CC71021495D0D00FAD194 /* Resources */,
			);
			buildRules = (
			);
			dependencies = (
			);
			name = IntentFramework;
			productName = IntentFramework;
			productReference = 118CC71221495D0D00FAD194 /* IntentFramework.framework */;
			productType = "com.apple.product-type.framework";
		};
		118CC7282149604300FAD194 /* DemoIntentExtension */ = {
			isa = PBXNativeTarget;
			buildConfigurationList = 118CC7462149604300FAD194 /* Build configuration list for PBXNativeTarget "DemoIntentExtension" */;
			buildPhases = (
				118CC7252149604300FAD194 /* Sources */,
				118CC7262149604300FAD194 /* Frameworks */,
				118CC7272149604300FAD194 /* Resources */,
			);
			buildRules = (
			);
			dependencies = (
			);
			name = DemoIntentExtension;
			productName = DemoIntentExtension;
			productReference = 118CC7292149604300FAD194 /* DemoIntentExtension.appex */;
			productType = "com.apple.product-type.app-extension";
		};
		118CC7312149604300FAD194 /* DemoIntentExtensionUI */ = {
			isa = PBXNativeTarget;
			buildConfigurationList = 118CC7432149604300FAD194 /* Build configuration list for PBXNativeTarget "DemoIntentExtensionUI" */;
			buildPhases = (
				118CC72E2149604300FAD194 /* Sources */,
				118CC72F2149604300FAD194 /* Frameworks */,
				118CC7302149604300FAD194 /* Resources */,
			);
			buildRules = (
			);
			dependencies = (
			);
			name = DemoIntentExtensionUI;
			productName = DemoIntentExtensionUI;
			productReference = 118CC7322149604300FAD194 /* DemoIntentExtensionUI.appex */;
			productType = "com.apple.product-type.app-extension";
		};
		11D1421E213DC8CC00B264FD /* FancyShop */ = {
			isa = PBXNativeTarget;
			buildConfigurationList = 11D14231213DC8CE00B264FD /* Build configuration list for PBXNativeTarget "FancyShop" */;
			buildPhases = (
				11D1421B213DC8CC00B264FD /* Sources */,
				11D1421C213DC8CC00B264FD /* Frameworks */,
				11D1421D213DC8CC00B264FD /* Resources */,
				118CC71E21495D0D00FAD194 /* Embed Frameworks */,
				118CC7492149604300FAD194 /* Embed App Extensions */,
				11D550BD214D601600F5F277 /* Embed Watch Content */,
			);
			buildRules = (
			);
			dependencies = (
				118CC71821495D0D00FAD194 /* PBXTargetDependency */,
				118CC73E2149604300FAD194 /* PBXTargetDependency */,
				118CC7412149604300FAD194 /* PBXTargetDependency */,
				11D550B4214D601600F5F277 /* PBXTargetDependency */,
			);
			name = FancyShop;
			productName = FancyShop;
			productReference = 11D1421F213DC8CC00B264FD /* FancyShop.app */;
			productType = "com.apple.product-type.application";
		};
		11D55097214D601500F5F277 /* FancyWatch */ = {
			isa = PBXNativeTarget;
			buildConfigurationList = 11D550BC214D601600F5F277 /* Build configuration list for PBXNativeTarget "FancyWatch" */;
			buildPhases = (
				11D55096214D601500F5F277 /* Resources */,
				11D550BB214D601600F5F277 /* Embed App Extensions */,
				11D550E8214D60B900F5F277 /* Frameworks */,
				11D550E9214D60B900F5F277 /* Embed Frameworks */,
			);
			buildRules = (
			);
			dependencies = (
				11D550A7214D601600F5F277 /* PBXTargetDependency */,
				11D550E7214D60B900F5F277 /* PBXTargetDependency */,
			);
			name = FancyWatch;
			productName = FancyWatch;
			productReference = 11D55098214D601500F5F277 /* FancyWatch.app */;
			productType = "com.apple.product-type.application.watchapp2";
		};
		11D550A3214D601600F5F277 /* FancyWatch Extension */ = {
			isa = PBXNativeTarget;
			buildConfigurationList = 11D550BA214D601600F5F277 /* Build configuration list for PBXNativeTarget "FancyWatch Extension" */;
			buildPhases = (
				11D550A0214D601600F5F277 /* Sources */,
				11D550A1214D601600F5F277 /* Frameworks */,
				11D550A2214D601600F5F277 /* Resources */,
				11D550CD214D602200F5F277 /* Embed App Extensions */,
				11D550DF214D604200F5F277 /* Embed Frameworks */,
			);
			buildRules = (
			);
			dependencies = (
				11D550C8214D602200F5F277 /* PBXTargetDependency */,
				11D550D9214D604200F5F277 /* PBXTargetDependency */,
			);
			name = "FancyWatch Extension";
			productName = "FancyWatch Extension";
			productReference = 11D550A4214D601600F5F277 /* FancyWatch Extension.appex */;
			productType = "com.apple.product-type.watchkit2-extension";
		};
		11D550C1214D602200F5F277 /* WatchIntentExtension */ = {
			isa = PBXNativeTarget;
			buildConfigurationList = 11D550CA214D602200F5F277 /* Build configuration list for PBXNativeTarget "WatchIntentExtension" */;
			buildPhases = (
				11D550BE214D602200F5F277 /* Sources */,
				11D550BF214D602200F5F277 /* Frameworks */,
				11D550C0214D602200F5F277 /* Resources */,
			);
			buildRules = (
			);
			dependencies = (
			);
			name = WatchIntentExtension;
			productName = WatchIntentExtension;
			productReference = 11D550C2214D602200F5F277 /* WatchIntentExtension.appex */;
			productType = "com.apple.product-type.app-extension.intents-service";
		};
		11D550D2214D604200F5F277 /* WatchFramework */ = {
			isa = PBXNativeTarget;
			buildConfigurationList = 11D550DC214D604200F5F277 /* Build configuration list for PBXNativeTarget "WatchFramework" */;
			buildPhases = (
				11D550CE214D604200F5F277 /* Headers */,
				11D550CF214D604200F5F277 /* Sources */,
				11D550D0214D604200F5F277 /* Frameworks */,
				11D550D1214D604200F5F277 /* Resources */,
			);
			buildRules = (
			);
			dependencies = (
			);
			name = WatchFramework;
			productName = WatchFramework;
			productReference = 11D550D3214D604200F5F277 /* WatchFramework.framework */;
			productType = "com.apple.product-type.framework";
		};
/* End PBXNativeTarget section */

/* Begin PBXProject section */
		11D14217213DC8CC00B264FD /* Project object */ = {
			isa = PBXProject;
			attributes = {
				LastSwiftUpdateCheck = 1000;
				LastUpgradeCheck = 0940;
				ORGANIZATIONNAME = "Alexander Heinrich";
				TargetAttributes = {
					118CC71121495D0D00FAD194 = {
						CreatedOnToolsVersion = 10.0;
						LastSwiftMigration = 1000;
					};
					118CC7282149604300FAD194 = {
						CreatedOnToolsVersion = 10.0;
					};
					118CC7312149604300FAD194 = {
						CreatedOnToolsVersion = 10.0;
					};
					11D1421E213DC8CC00B264FD = {
						CreatedOnToolsVersion = 9.4.1;
					};
					11D55097214D601500F5F277 = {
						CreatedOnToolsVersion = 10.0;
					};
					11D550A3214D601600F5F277 = {
						CreatedOnToolsVersion = 10.0;
					};
					11D550C1214D602200F5F277 = {
						CreatedOnToolsVersion = 10.0;
					};
					11D550D2214D604200F5F277 = {
						CreatedOnToolsVersion = 10.0;
					};
				};
			};
			buildConfigurationList = 11D1421A213DC8CC00B264FD /* Build configuration list for PBXProject "FancyShop" */;
			compatibilityVersion = "Xcode 9.3";
			developmentRegion = en;
			hasScannedForEncodings = 0;
			knownRegions = (
				en,
				Base,
			);
			mainGroup = 11D14216213DC8CC00B264FD;
			productRefGroup = 11D14220213DC8CC00B264FD /* Products */;
			projectDirPath = "";
			projectRoot = "";
			targets = (
				11D1421E213DC8CC00B264FD /* FancyShop */,
				118CC71121495D0D00FAD194 /* IntentFramework */,
				118CC7282149604300FAD194 /* DemoIntentExtension */,
				118CC7312149604300FAD194 /* DemoIntentExtensionUI */,
				11D55097214D601500F5F277 /* FancyWatch */,
				11D550A3214D601600F5F277 /* FancyWatch Extension */,
				11D550C1214D602200F5F277 /* WatchIntentExtension */,
				11D550D2214D604200F5F277 /* WatchFramework */,
			);
		};
/* End PBXProject section */

/* Begin PBXResourcesBuildPhase section */
		118CC71021495D0D00FAD194 /* Resources */ = {
			isa = PBXResourcesBuildPhase;
			buildActionMask = 2147483647;
			files = (
			);
			runOnlyForDeploymentPostprocessing = 0;
		};
		118CC7272149604300FAD194 /* Resources */ = {
			isa = PBXResourcesBuildPhase;
			buildActionMask = 2147483647;
			files = (
			);
			runOnlyForDeploymentPostprocessing = 0;
		};
		118CC7302149604300FAD194 /* Resources */ = {
			isa = PBXResourcesBuildPhase;
			buildActionMask = 2147483647;
			files = (
				118CC73B2149604300FAD194 /* MainInterface.storyboard in Resources */,
			);
			runOnlyForDeploymentPostprocessing = 0;
		};
		11D1421D213DC8CC00B264FD /* Resources */ = {
			isa = PBXResourcesBuildPhase;
			buildActionMask = 2147483647;
			files = (
				11D1422D213DC8CE00B264FD /* LaunchScreen.storyboard in Resources */,
				11D1422A213DC8CE00B264FD /* Assets.xcassets in Resources */,
				11D14228213DC8CD00B264FD /* Main.storyboard in Resources */,
			);
			runOnlyForDeploymentPostprocessing = 0;
		};
		11D55096214D601500F5F277 /* Resources */ = {
			isa = PBXResourcesBuildPhase;
			buildActionMask = 2147483647;
			files = (
				11D550EB214D60D000F5F277 /* Intents.intentdefinition in Resources */,
				11D5509E214D601600F5F277 /* Assets.xcassets in Resources */,
				11D5509C214D601500F5F277 /* Interface.storyboard in Resources */,
			);
			runOnlyForDeploymentPostprocessing = 0;
		};
		11D550A2214D601600F5F277 /* Resources */ = {
			isa = PBXResourcesBuildPhase;
			buildActionMask = 2147483647;
			files = (
				11D550B0214D601600F5F277 /* Assets.xcassets in Resources */,
			);
			runOnlyForDeploymentPostprocessing = 0;
		};
		11D550C0214D602200F5F277 /* Resources */ = {
			isa = PBXResourcesBuildPhase;
			buildActionMask = 2147483647;
			files = (
			);
			runOnlyForDeploymentPostprocessing = 0;
		};
		11D550D1214D604200F5F277 /* Resources */ = {
			isa = PBXResourcesBuildPhase;
			buildActionMask = 2147483647;
			files = (
			);
			runOnlyForDeploymentPostprocessing = 0;
		};
/* End PBXResourcesBuildPhase section */

/* Begin PBXSourcesBuildPhase section */
		118CC70E21495D0D00FAD194 /* Sources */ = {
			isa = PBXSourcesBuildPhase;
			buildActionMask = 2147483647;
			files = (
				118CC72421495DC500FAD194 /* ShopItem.swift in Sources */,
				118CC72321495D7500FAD194 /* ShopItemManager.swift in Sources */,
				118CC72221495D4C00FAD194 /* Intents.intentdefinition in Sources */,
				118CC72121495D2B00FAD194 /* BuyItemIntentHandler.swift in Sources */,
				0686ED12214E7040003C5796 /* PriceInfoIntentHandler.swift in Sources */,
			);
			runOnlyForDeploymentPostprocessing = 0;
		};
		118CC7252149604300FAD194 /* Sources */ = {
			isa = PBXSourcesBuildPhase;
			buildActionMask = 2147483647;
			files = (
				11D550EE214D60EA00F5F277 /* Intents.intentdefinition in Sources */,
				118CC72C2149604300FAD194 /* IntentHandler.swift in Sources */,
			);
			runOnlyForDeploymentPostprocessing = 0;
		};
		118CC72E2149604300FAD194 /* Sources */ = {
			isa = PBXSourcesBuildPhase;
			buildActionMask = 2147483647;
			files = (
				11D550EF214D60EA00F5F277 /* Intents.intentdefinition in Sources */,
				118CC7382149604300FAD194 /* IntentViewController.swift in Sources */,
			);
			runOnlyForDeploymentPostprocessing = 0;
		};
		11D1421B213DC8CC00B264FD /* Sources */ = {
			isa = PBXSourcesBuildPhase;
			buildActionMask = 2147483647;
			files = (
				11843CF3213DCA210090D801 /* ShopItemCell.swift in Sources */,
				11D14225213DC8CD00B264FD /* ShopViewController.swift in Sources */,
				11D14223213DC8CC00B264FD /* AppDelegate.swift in Sources */,
				11CDAA21214089860079370B /* DonatationManager.swift in Sources */,
				114F3ADC2141755000B7BDCD /* ShopItemDetailExtension.swift in Sources */,
				114F3ADE2141770D00B7BDCD /* Intents.intentdefinition in Sources */,
				1122D4D221407CB200BD9DA2 /* ShopItemDetail.swift in Sources */,
			);
			runOnlyForDeploymentPostprocessing = 0;
		};
		11D550A0214D601600F5F277 /* Sources */ = {
			isa = PBXSourcesBuildPhase;
			buildActionMask = 2147483647;
			files = (
				11D550AE214D601600F5F277 /* NotificationController.swift in Sources */,
				11D550AC214D601600F5F277 /* ExtensionDelegate.swift in Sources */,
				11D550EC214D60D300F5F277 /* Intents.intentdefinition in Sources */,
				11D550AA214D601600F5F277 /* InterfaceController.swift in Sources */,
			);
			runOnlyForDeploymentPostprocessing = 0;
		};
		11D550BE214D602200F5F277 /* Sources */ = {
			isa = PBXSourcesBuildPhase;
			buildActionMask = 2147483647;
			files = (
				11D550ED214D60D600F5F277 /* Intents.intentdefinition in Sources */,
				11D550C5214D602200F5F277 /* IntentHandler.swift in Sources */,
			);
			runOnlyForDeploymentPostprocessing = 0;
		};
		11D550CF214D604200F5F277 /* Sources */ = {
			isa = PBXSourcesBuildPhase;
			buildActionMask = 2147483647;
			files = (
				11D550E2214D605500F5F277 /* BuyItemIntentHandler.swift in Sources */,
				11D550E1214D605500F5F277 /* ShopItemManager.swift in Sources */,
				11D550E3214D607D00F5F277 /* Intents.intentdefinition in Sources */,
				11D550E0214D605500F5F277 /* ShopItem.swift in Sources */,
			);
			runOnlyForDeploymentPostprocessing = 0;
		};
/* End PBXSourcesBuildPhase section */

/* Begin PBXTargetDependency section */
		118CC71821495D0D00FAD194 /* PBXTargetDependency */ = {
			isa = PBXTargetDependency;
			target = 118CC71121495D0D00FAD194 /* IntentFramework */;
			targetProxy = 118CC71721495D0D00FAD194 /* PBXContainerItemProxy */;
		};
		118CC73E2149604300FAD194 /* PBXTargetDependency */ = {
			isa = PBXTargetDependency;
			target = 118CC7312149604300FAD194 /* DemoIntentExtensionUI */;
			targetProxy = 118CC73D2149604300FAD194 /* PBXContainerItemProxy */;
		};
		118CC7412149604300FAD194 /* PBXTargetDependency */ = {
			isa = PBXTargetDependency;
			target = 118CC7282149604300FAD194 /* DemoIntentExtension */;
			targetProxy = 118CC7402149604300FAD194 /* PBXContainerItemProxy */;
		};
		11D550A7214D601600F5F277 /* PBXTargetDependency */ = {
			isa = PBXTargetDependency;
			target = 11D550A3214D601600F5F277 /* FancyWatch Extension */;
			targetProxy = 11D550A6214D601600F5F277 /* PBXContainerItemProxy */;
		};
		11D550B4214D601600F5F277 /* PBXTargetDependency */ = {
			isa = PBXTargetDependency;
			target = 11D55097214D601500F5F277 /* FancyWatch */;
			targetProxy = 11D550B3214D601600F5F277 /* PBXContainerItemProxy */;
		};
		11D550C8214D602200F5F277 /* PBXTargetDependency */ = {
			isa = PBXTargetDependency;
			target = 11D550C1214D602200F5F277 /* WatchIntentExtension */;
			targetProxy = 11D550C7214D602200F5F277 /* PBXContainerItemProxy */;
		};
		11D550D9214D604200F5F277 /* PBXTargetDependency */ = {
			isa = PBXTargetDependency;
			target = 11D550D2214D604200F5F277 /* WatchFramework */;
			targetProxy = 11D550D8214D604200F5F277 /* PBXContainerItemProxy */;
		};
		11D550E7214D60B900F5F277 /* PBXTargetDependency */ = {
			isa = PBXTargetDependency;
			target = 11D550D2214D604200F5F277 /* WatchFramework */;
			targetProxy = 11D550E6214D60B900F5F277 /* PBXContainerItemProxy */;
		};
/* End PBXTargetDependency section */

/* Begin PBXVariantGroup section */
		118CC7392149604300FAD194 /* MainInterface.storyboard */ = {
			isa = PBXVariantGroup;
			children = (
				118CC73A2149604300FAD194 /* Base */,
			);
			name = MainInterface.storyboard;
			sourceTree = "<group>";
		};
		11D14226213DC8CD00B264FD /* Main.storyboard */ = {
			isa = PBXVariantGroup;
			children = (
				11D14227213DC8CD00B264FD /* Base */,
			);
			name = Main.storyboard;
			sourceTree = "<group>";
		};
		11D1422B213DC8CE00B264FD /* LaunchScreen.storyboard */ = {
			isa = PBXVariantGroup;
			children = (
				11D1422C213DC8CE00B264FD /* Base */,
			);
			name = LaunchScreen.storyboard;
			sourceTree = "<group>";
		};
		11D5509A214D601500F5F277 /* Interface.storyboard */ = {
			isa = PBXVariantGroup;
			children = (
				11D5509B214D601500F5F277 /* Base */,
			);
			name = Interface.storyboard;
			sourceTree = "<group>";
		};
/* End PBXVariantGroup section */

/* Begin XCBuildConfiguration section */
		118CC71B21495D0D00FAD194 /* Debug */ = {
			isa = XCBuildConfiguration;
			buildSettings = {
				CLANG_ENABLE_MODULES = YES;
				CODE_SIGN_IDENTITY = "";
				CODE_SIGN_STYLE = Automatic;
				CURRENT_PROJECT_VERSION = 1;
				DEFINES_MODULE = YES;
				DEVELOPMENT_TEAM = A5U65N39SD;
				DYLIB_COMPATIBILITY_VERSION = 1;
				DYLIB_CURRENT_VERSION = 1;
				DYLIB_INSTALL_NAME_BASE = "@rpath";
				INFOPLIST_FILE = IntentFramework/Info.plist;
				INSTALL_PATH = "$(LOCAL_LIBRARY_DIR)/Frameworks";
				IPHONEOS_DEPLOYMENT_TARGET = 12.0;
				LD_RUNPATH_SEARCH_PATHS = (
					"$(inherited)",
					"@executable_path/Frameworks",
					"@loader_path/Frameworks",
				);
				MTL_ENABLE_DEBUG_INFO = INCLUDE_SOURCE;
				MTL_FAST_MATH = YES;
				PRODUCT_BUNDLE_IDENTIFIER = de.heinrich.alexander.IntentFramework;
				PRODUCT_NAME = "$(TARGET_NAME:c99extidentifier)";
				SKIP_INSTALL = YES;
				SWIFT_OPTIMIZATION_LEVEL = "-Onone";
				SWIFT_VERSION = 4.2;
				TARGETED_DEVICE_FAMILY = "1,2";
				VERSIONING_SYSTEM = "apple-generic";
				VERSION_INFO_PREFIX = "";
			};
			name = Debug;
		};
		118CC71C21495D0D00FAD194 /* Release */ = {
			isa = XCBuildConfiguration;
			buildSettings = {
				CLANG_ENABLE_MODULES = YES;
				CODE_SIGN_IDENTITY = "";
				CODE_SIGN_STYLE = Automatic;
				CURRENT_PROJECT_VERSION = 1;
				DEFINES_MODULE = YES;
				DEVELOPMENT_TEAM = A5U65N39SD;
				DYLIB_COMPATIBILITY_VERSION = 1;
				DYLIB_CURRENT_VERSION = 1;
				DYLIB_INSTALL_NAME_BASE = "@rpath";
				INFOPLIST_FILE = IntentFramework/Info.plist;
				INSTALL_PATH = "$(LOCAL_LIBRARY_DIR)/Frameworks";
				IPHONEOS_DEPLOYMENT_TARGET = 12.0;
				LD_RUNPATH_SEARCH_PATHS = (
					"$(inherited)",
					"@executable_path/Frameworks",
					"@loader_path/Frameworks",
				);
				MTL_FAST_MATH = YES;
				PRODUCT_BUNDLE_IDENTIFIER = de.heinrich.alexander.IntentFramework;
				PRODUCT_NAME = "$(TARGET_NAME:c99extidentifier)";
				SKIP_INSTALL = YES;
				SWIFT_VERSION = 4.2;
				TARGETED_DEVICE_FAMILY = "1,2";
				VERSIONING_SYSTEM = "apple-generic";
				VERSION_INFO_PREFIX = "";
			};
			name = Release;
		};
		118CC7442149604300FAD194 /* Debug */ = {
			isa = XCBuildConfiguration;
			buildSettings = {
				CODE_SIGN_STYLE = Automatic;
				DEVELOPMENT_TEAM = A5U65N39SD;
				INFOPLIST_FILE = DemoIntentExtensionUI/Info.plist;
				IPHONEOS_DEPLOYMENT_TARGET = 12.0;
				LD_RUNPATH_SEARCH_PATHS = (
					"$(inherited)",
					"@executable_path/Frameworks",
					"@executable_path/../../Frameworks",
				);
				MTL_ENABLE_DEBUG_INFO = INCLUDE_SOURCE;
				MTL_FAST_MATH = YES;
				PRODUCT_BUNDLE_IDENTIFIER = de.heinrich.alexander.FancyShop.DemoIntentExtensionUI;
				PRODUCT_NAME = "$(TARGET_NAME)";
				SKIP_INSTALL = YES;
				SWIFT_VERSION = 4.2;
				TARGETED_DEVICE_FAMILY = "1,2";
			};
			name = Debug;
		};
		118CC7452149604300FAD194 /* Release */ = {
			isa = XCBuildConfiguration;
			buildSettings = {
				CODE_SIGN_STYLE = Automatic;
				DEVELOPMENT_TEAM = A5U65N39SD;
				INFOPLIST_FILE = DemoIntentExtensionUI/Info.plist;
				IPHONEOS_DEPLOYMENT_TARGET = 12.0;
				LD_RUNPATH_SEARCH_PATHS = (
					"$(inherited)",
					"@executable_path/Frameworks",
					"@executable_path/../../Frameworks",
				);
				MTL_FAST_MATH = YES;
				PRODUCT_BUNDLE_IDENTIFIER = de.heinrich.alexander.FancyShop.DemoIntentExtensionUI;
				PRODUCT_NAME = "$(TARGET_NAME)";
				SKIP_INSTALL = YES;
				SWIFT_VERSION = 4.2;
				TARGETED_DEVICE_FAMILY = "1,2";
			};
			name = Release;
		};
		118CC7472149604300FAD194 /* Debug */ = {
			isa = XCBuildConfiguration;
			buildSettings = {
				CODE_SIGN_STYLE = Automatic;
				DEVELOPMENT_TEAM = A5U65N39SD;
				INFOPLIST_FILE = DemoIntentExtension/Info.plist;
				IPHONEOS_DEPLOYMENT_TARGET = 12.0;
				LD_RUNPATH_SEARCH_PATHS = (
					"$(inherited)",
					"@executable_path/Frameworks",
					"@executable_path/../../Frameworks",
				);
				MTL_ENABLE_DEBUG_INFO = INCLUDE_SOURCE;
				MTL_FAST_MATH = YES;
				PRODUCT_BUNDLE_IDENTIFIER = de.heinrich.alexander.FancyShop.DemoIntentExtension;
				PRODUCT_NAME = "$(TARGET_NAME)";
				SKIP_INSTALL = YES;
				SWIFT_VERSION = 4.2;
				TARGETED_DEVICE_FAMILY = "1,2";
			};
			name = Debug;
		};
		118CC7482149604300FAD194 /* Release */ = {
			isa = XCBuildConfiguration;
			buildSettings = {
				CODE_SIGN_STYLE = Automatic;
				DEVELOPMENT_TEAM = A5U65N39SD;
				INFOPLIST_FILE = DemoIntentExtension/Info.plist;
				IPHONEOS_DEPLOYMENT_TARGET = 12.0;
				LD_RUNPATH_SEARCH_PATHS = (
					"$(inherited)",
					"@executable_path/Frameworks",
					"@executable_path/../../Frameworks",
				);
				MTL_FAST_MATH = YES;
				PRODUCT_BUNDLE_IDENTIFIER = de.heinrich.alexander.FancyShop.DemoIntentExtension;
				PRODUCT_NAME = "$(TARGET_NAME)";
				SKIP_INSTALL = YES;
				SWIFT_VERSION = 4.2;
				TARGETED_DEVICE_FAMILY = "1,2";
			};
			name = Release;
		};
		11D1422F213DC8CE00B264FD /* Debug */ = {
			isa = XCBuildConfiguration;
			buildSettings = {
				ALWAYS_SEARCH_USER_PATHS = NO;
				CLANG_ANALYZER_NONNULL = YES;
				CLANG_ANALYZER_NUMBER_OBJECT_CONVERSION = YES_AGGRESSIVE;
				CLANG_CXX_LANGUAGE_STANDARD = "gnu++14";
				CLANG_CXX_LIBRARY = "libc++";
				CLANG_ENABLE_MODULES = YES;
				CLANG_ENABLE_OBJC_ARC = YES;
				CLANG_ENABLE_OBJC_WEAK = YES;
				CLANG_WARN_BLOCK_CAPTURE_AUTORELEASING = YES;
				CLANG_WARN_BOOL_CONVERSION = YES;
				CLANG_WARN_COMMA = YES;
				CLANG_WARN_CONSTANT_CONVERSION = YES;
				CLANG_WARN_DEPRECATED_OBJC_IMPLEMENTATIONS = YES;
				CLANG_WARN_DIRECT_OBJC_ISA_USAGE = YES_ERROR;
				CLANG_WARN_DOCUMENTATION_COMMENTS = YES;
				CLANG_WARN_EMPTY_BODY = YES;
				CLANG_WARN_ENUM_CONVERSION = YES;
				CLANG_WARN_INFINITE_RECURSION = YES;
				CLANG_WARN_INT_CONVERSION = YES;
				CLANG_WARN_NON_LITERAL_NULL_CONVERSION = YES;
				CLANG_WARN_OBJC_IMPLICIT_RETAIN_SELF = YES;
				CLANG_WARN_OBJC_LITERAL_CONVERSION = YES;
				CLANG_WARN_OBJC_ROOT_CLASS = YES_ERROR;
				CLANG_WARN_RANGE_LOOP_ANALYSIS = YES;
				CLANG_WARN_STRICT_PROTOTYPES = YES;
				CLANG_WARN_SUSPICIOUS_MOVE = YES;
				CLANG_WARN_UNGUARDED_AVAILABILITY = YES_AGGRESSIVE;
				CLANG_WARN_UNREACHABLE_CODE = YES;
				CLANG_WARN__DUPLICATE_METHOD_MATCH = YES;
				CODE_SIGN_IDENTITY = "iPhone Developer";
				COPY_PHASE_STRIP = NO;
				DEBUG_INFORMATION_FORMAT = dwarf;
				ENABLE_STRICT_OBJC_MSGSEND = YES;
				ENABLE_TESTABILITY = YES;
				GCC_C_LANGUAGE_STANDARD = gnu11;
				GCC_DYNAMIC_NO_PIC = NO;
				GCC_NO_COMMON_BLOCKS = YES;
				GCC_OPTIMIZATION_LEVEL = 0;
				GCC_PREPROCESSOR_DEFINITIONS = (
					"DEBUG=1",
					"$(inherited)",
				);
				GCC_WARN_64_TO_32_BIT_CONVERSION = YES;
				GCC_WARN_ABOUT_RETURN_TYPE = YES_ERROR;
				GCC_WARN_UNDECLARED_SELECTOR = YES;
				GCC_WARN_UNINITIALIZED_AUTOS = YES_AGGRESSIVE;
				GCC_WARN_UNUSED_FUNCTION = YES;
				GCC_WARN_UNUSED_VARIABLE = YES;
				IPHONEOS_DEPLOYMENT_TARGET = 11.4;
				MTL_ENABLE_DEBUG_INFO = YES;
				ONLY_ACTIVE_ARCH = YES;
				SDKROOT = iphoneos;
				SWIFT_ACTIVE_COMPILATION_CONDITIONS = DEBUG;
				SWIFT_OPTIMIZATION_LEVEL = "-Onone";
			};
			name = Debug;
		};
		11D14230213DC8CE00B264FD /* Release */ = {
			isa = XCBuildConfiguration;
			buildSettings = {
				ALWAYS_SEARCH_USER_PATHS = NO;
				CLANG_ANALYZER_NONNULL = YES;
				CLANG_ANALYZER_NUMBER_OBJECT_CONVERSION = YES_AGGRESSIVE;
				CLANG_CXX_LANGUAGE_STANDARD = "gnu++14";
				CLANG_CXX_LIBRARY = "libc++";
				CLANG_ENABLE_MODULES = YES;
				CLANG_ENABLE_OBJC_ARC = YES;
				CLANG_ENABLE_OBJC_WEAK = YES;
				CLANG_WARN_BLOCK_CAPTURE_AUTORELEASING = YES;
				CLANG_WARN_BOOL_CONVERSION = YES;
				CLANG_WARN_COMMA = YES;
				CLANG_WARN_CONSTANT_CONVERSION = YES;
				CLANG_WARN_DEPRECATED_OBJC_IMPLEMENTATIONS = YES;
				CLANG_WARN_DIRECT_OBJC_ISA_USAGE = YES_ERROR;
				CLANG_WARN_DOCUMENTATION_COMMENTS = YES;
				CLANG_WARN_EMPTY_BODY = YES;
				CLANG_WARN_ENUM_CONVERSION = YES;
				CLANG_WARN_INFINITE_RECURSION = YES;
				CLANG_WARN_INT_CONVERSION = YES;
				CLANG_WARN_NON_LITERAL_NULL_CONVERSION = YES;
				CLANG_WARN_OBJC_IMPLICIT_RETAIN_SELF = YES;
				CLANG_WARN_OBJC_LITERAL_CONVERSION = YES;
				CLANG_WARN_OBJC_ROOT_CLASS = YES_ERROR;
				CLANG_WARN_RANGE_LOOP_ANALYSIS = YES;
				CLANG_WARN_STRICT_PROTOTYPES = YES;
				CLANG_WARN_SUSPICIOUS_MOVE = YES;
				CLANG_WARN_UNGUARDED_AVAILABILITY = YES_AGGRESSIVE;
				CLANG_WARN_UNREACHABLE_CODE = YES;
				CLANG_WARN__DUPLICATE_METHOD_MATCH = YES;
				CODE_SIGN_IDENTITY = "iPhone Developer";
				COPY_PHASE_STRIP = NO;
				DEBUG_INFORMATION_FORMAT = "dwarf-with-dsym";
				ENABLE_NS_ASSERTIONS = NO;
				ENABLE_STRICT_OBJC_MSGSEND = YES;
				GCC_C_LANGUAGE_STANDARD = gnu11;
				GCC_NO_COMMON_BLOCKS = YES;
				GCC_WARN_64_TO_32_BIT_CONVERSION = YES;
				GCC_WARN_ABOUT_RETURN_TYPE = YES_ERROR;
				GCC_WARN_UNDECLARED_SELECTOR = YES;
				GCC_WARN_UNINITIALIZED_AUTOS = YES_AGGRESSIVE;
				GCC_WARN_UNUSED_FUNCTION = YES;
				GCC_WARN_UNUSED_VARIABLE = YES;
				IPHONEOS_DEPLOYMENT_TARGET = 11.4;
				MTL_ENABLE_DEBUG_INFO = NO;
				SDKROOT = iphoneos;
				SWIFT_COMPILATION_MODE = wholemodule;
				SWIFT_OPTIMIZATION_LEVEL = "-O";
				VALIDATE_PRODUCT = YES;
			};
			name = Release;
		};
		11D14232213DC8CE00B264FD /* Debug */ = {
			isa = XCBuildConfiguration;
			buildSettings = {
				ALWAYS_EMBED_SWIFT_STANDARD_LIBRARIES = YES;
				ASSETCATALOG_COMPILER_APPICON_NAME = AppIcon;
				CODE_SIGN_STYLE = Automatic;
				DEVELOPMENT_TEAM = A5U65N39SD;
				INFOPLIST_FILE = FancyShop/Info.plist;
				IPHONEOS_DEPLOYMENT_TARGET = 12;
				LD_RUNPATH_SEARCH_PATHS = (
					"$(inherited)",
					"@executable_path/Frameworks",
				);
				PRODUCT_BUNDLE_IDENTIFIER = de.heinrich.alexander.FancyShop;
				PRODUCT_NAME = "$(TARGET_NAME)";
				SWIFT_VERSION = 4.0;
				TARGETED_DEVICE_FAMILY = "1,2";
			};
			name = Debug;
		};
		11D14233213DC8CE00B264FD /* Release */ = {
			isa = XCBuildConfiguration;
			buildSettings = {
				ALWAYS_EMBED_SWIFT_STANDARD_LIBRARIES = YES;
				ASSETCATALOG_COMPILER_APPICON_NAME = AppIcon;
				CODE_SIGN_STYLE = Automatic;
				DEVELOPMENT_TEAM = A5U65N39SD;
				INFOPLIST_FILE = FancyShop/Info.plist;
				IPHONEOS_DEPLOYMENT_TARGET = 12;
				LD_RUNPATH_SEARCH_PATHS = (
					"$(inherited)",
					"@executable_path/Frameworks",
				);
				PRODUCT_BUNDLE_IDENTIFIER = de.heinrich.alexander.FancyShop;
				PRODUCT_NAME = "$(TARGET_NAME)";
				SWIFT_VERSION = 4.0;
				TARGETED_DEVICE_FAMILY = "1,2";
			};
			name = Release;
		};
		11D550B6214D601600F5F277 /* Debug */ = {
			isa = XCBuildConfiguration;
			buildSettings = {
				ALWAYS_EMBED_SWIFT_STANDARD_LIBRARIES = YES;
				ASSETCATALOG_COMPILER_APPICON_NAME = AppIcon;
				CODE_SIGN_STYLE = Automatic;
				DEVELOPMENT_TEAM = A5U65N39SD;
				IBSC_MODULE = FancyWatch_Extension;
				INFOPLIST_FILE = FancyWatch/Info.plist;
				LD_RUNPATH_SEARCH_PATHS = (
					"$(inherited)",
					"@executable_path/Frameworks",
				);
				MTL_ENABLE_DEBUG_INFO = INCLUDE_SOURCE;
				MTL_FAST_MATH = YES;
				PRODUCT_BUNDLE_IDENTIFIER = de.heinrich.alexander.FancyShop.watchkitapp;
				PRODUCT_NAME = "$(TARGET_NAME)";
				SDKROOT = watchos;
				SKIP_INSTALL = YES;
				SWIFT_VERSION = 4.2;
				TARGETED_DEVICE_FAMILY = 4;
				WATCHOS_DEPLOYMENT_TARGET = 5.0;
			};
			name = Debug;
		};
		11D550B7214D601600F5F277 /* Release */ = {
			isa = XCBuildConfiguration;
			buildSettings = {
				ALWAYS_EMBED_SWIFT_STANDARD_LIBRARIES = YES;
				ASSETCATALOG_COMPILER_APPICON_NAME = AppIcon;
				CODE_SIGN_STYLE = Automatic;
				DEVELOPMENT_TEAM = A5U65N39SD;
				IBSC_MODULE = FancyWatch_Extension;
				INFOPLIST_FILE = FancyWatch/Info.plist;
				LD_RUNPATH_SEARCH_PATHS = (
					"$(inherited)",
					"@executable_path/Frameworks",
				);
				MTL_FAST_MATH = YES;
				PRODUCT_BUNDLE_IDENTIFIER = de.heinrich.alexander.FancyShop.watchkitapp;
				PRODUCT_NAME = "$(TARGET_NAME)";
				SDKROOT = watchos;
				SKIP_INSTALL = YES;
				SWIFT_VERSION = 4.2;
				TARGETED_DEVICE_FAMILY = 4;
				WATCHOS_DEPLOYMENT_TARGET = 5.0;
			};
			name = Release;
		};
		11D550B8214D601600F5F277 /* Debug */ = {
			isa = XCBuildConfiguration;
			buildSettings = {
				ASSETCATALOG_COMPILER_COMPLICATION_NAME = Complication;
				CODE_SIGN_STYLE = Automatic;
				DEVELOPMENT_TEAM = A5U65N39SD;
				INFOPLIST_FILE = "FancyWatch Extension/Info.plist";
				LD_RUNPATH_SEARCH_PATHS = (
					"$(inherited)",
					"@executable_path/Frameworks",
					"@executable_path/../../Frameworks",
				);
				MTL_ENABLE_DEBUG_INFO = INCLUDE_SOURCE;
				MTL_FAST_MATH = YES;
				PRODUCT_BUNDLE_IDENTIFIER = de.heinrich.alexander.FancyShop.watchkitapp.watchkitextension;
				PRODUCT_NAME = "${TARGET_NAME}";
				SDKROOT = watchos;
				SKIP_INSTALL = YES;
				SWIFT_VERSION = 4.2;
				TARGETED_DEVICE_FAMILY = 4;
				WATCHOS_DEPLOYMENT_TARGET = 5.0;
			};
			name = Debug;
		};
		11D550B9214D601600F5F277 /* Release */ = {
			isa = XCBuildConfiguration;
			buildSettings = {
				ASSETCATALOG_COMPILER_COMPLICATION_NAME = Complication;
				CODE_SIGN_STYLE = Automatic;
				DEVELOPMENT_TEAM = A5U65N39SD;
				INFOPLIST_FILE = "FancyWatch Extension/Info.plist";
				LD_RUNPATH_SEARCH_PATHS = (
					"$(inherited)",
					"@executable_path/Frameworks",
					"@executable_path/../../Frameworks",
				);
				MTL_FAST_MATH = YES;
				PRODUCT_BUNDLE_IDENTIFIER = de.heinrich.alexander.FancyShop.watchkitapp.watchkitextension;
				PRODUCT_NAME = "${TARGET_NAME}";
				SDKROOT = watchos;
				SKIP_INSTALL = YES;
				SWIFT_VERSION = 4.2;
				TARGETED_DEVICE_FAMILY = 4;
				WATCHOS_DEPLOYMENT_TARGET = 5.0;
			};
			name = Release;
		};
		11D550CB214D602200F5F277 /* Debug */ = {
			isa = XCBuildConfiguration;
			buildSettings = {
				CODE_SIGN_STYLE = Automatic;
				DEVELOPMENT_TEAM = A5U65N39SD;
				INFOPLIST_FILE = WatchIntentExtension/Info.plist;
				LD_RUNPATH_SEARCH_PATHS = (
					"$(inherited)",
					"@executable_path/Frameworks",
					"@executable_path/../../Frameworks",
					"@executable_path/../../../../Frameworks",
				);
				MTL_ENABLE_DEBUG_INFO = INCLUDE_SOURCE;
				MTL_FAST_MATH = YES;
				PRODUCT_BUNDLE_IDENTIFIER = de.heinrich.alexander.FancyShop.watchkitapp.watchkitextension.WatchIntentExtension;
				PRODUCT_NAME = "$(TARGET_NAME)";
				SDKROOT = watchos;
				SKIP_INSTALL = YES;
				SWIFT_VERSION = 4.2;
				TARGETED_DEVICE_FAMILY = 4;
				WATCHOS_DEPLOYMENT_TARGET = 5.0;
			};
			name = Debug;
		};
		11D550CC214D602200F5F277 /* Release */ = {
			isa = XCBuildConfiguration;
			buildSettings = {
				CODE_SIGN_STYLE = Automatic;
				DEVELOPMENT_TEAM = A5U65N39SD;
				INFOPLIST_FILE = WatchIntentExtension/Info.plist;
				LD_RUNPATH_SEARCH_PATHS = (
					"$(inherited)",
					"@executable_path/Frameworks",
					"@executable_path/../../Frameworks",
					"@executable_path/../../../../Frameworks",
				);
				MTL_FAST_MATH = YES;
				PRODUCT_BUNDLE_IDENTIFIER = de.heinrich.alexander.FancyShop.watchkitapp.watchkitextension.WatchIntentExtension;
				PRODUCT_NAME = "$(TARGET_NAME)";
				SDKROOT = watchos;
				SKIP_INSTALL = YES;
				SWIFT_VERSION = 4.2;
				TARGETED_DEVICE_FAMILY = 4;
				WATCHOS_DEPLOYMENT_TARGET = 5.0;
			};
			name = Release;
		};
		11D550DD214D604200F5F277 /* Debug */ = {
			isa = XCBuildConfiguration;
			buildSettings = {
				APPLICATION_EXTENSION_API_ONLY = YES;
				CODE_SIGN_IDENTITY = "";
				CODE_SIGN_STYLE = Automatic;
				CURRENT_PROJECT_VERSION = 1;
				DEFINES_MODULE = YES;
				DEVELOPMENT_TEAM = A5U65N39SD;
				DYLIB_COMPATIBILITY_VERSION = 1;
				DYLIB_CURRENT_VERSION = 1;
				DYLIB_INSTALL_NAME_BASE = "@rpath";
				INFOPLIST_FILE = WatchFramework/Info.plist;
				INSTALL_PATH = "$(LOCAL_LIBRARY_DIR)/Frameworks";
				LD_RUNPATH_SEARCH_PATHS = (
					"$(inherited)",
					"@executable_path/Frameworks",
					"@loader_path/Frameworks",
				);
				MTL_ENABLE_DEBUG_INFO = INCLUDE_SOURCE;
				MTL_FAST_MATH = YES;
				PRODUCT_BUNDLE_IDENTIFIER = de.heinrich.alexander.WatchFramework;
				PRODUCT_NAME = "$(TARGET_NAME:c99extidentifier)";
				SDKROOT = watchos;
				SKIP_INSTALL = YES;
				SWIFT_VERSION = 4.2;
				TARGETED_DEVICE_FAMILY = 4;
				VERSIONING_SYSTEM = "apple-generic";
				VERSION_INFO_PREFIX = "";
				WATCHOS_DEPLOYMENT_TARGET = 5.0;
			};
			name = Debug;
		};
		11D550DE214D604200F5F277 /* Release */ = {
			isa = XCBuildConfiguration;
			buildSettings = {
				APPLICATION_EXTENSION_API_ONLY = YES;
				CODE_SIGN_IDENTITY = "";
				CODE_SIGN_STYLE = Automatic;
				CURRENT_PROJECT_VERSION = 1;
				DEFINES_MODULE = YES;
				DEVELOPMENT_TEAM = A5U65N39SD;
				DYLIB_COMPATIBILITY_VERSION = 1;
				DYLIB_CURRENT_VERSION = 1;
				DYLIB_INSTALL_NAME_BASE = "@rpath";
				INFOPLIST_FILE = WatchFramework/Info.plist;
				INSTALL_PATH = "$(LOCAL_LIBRARY_DIR)/Frameworks";
				LD_RUNPATH_SEARCH_PATHS = (
					"$(inherited)",
					"@executable_path/Frameworks",
					"@loader_path/Frameworks",
				);
				MTL_FAST_MATH = YES;
				PRODUCT_BUNDLE_IDENTIFIER = de.heinrich.alexander.WatchFramework;
				PRODUCT_NAME = "$(TARGET_NAME:c99extidentifier)";
				SDKROOT = watchos;
				SKIP_INSTALL = YES;
				SWIFT_VERSION = 4.2;
				TARGETED_DEVICE_FAMILY = 4;
				VERSIONING_SYSTEM = "apple-generic";
				VERSION_INFO_PREFIX = "";
				WATCHOS_DEPLOYMENT_TARGET = 5.0;
			};
			name = Release;
		};
/* End XCBuildConfiguration section */

/* Begin XCConfigurationList section */
		118CC71D21495D0D00FAD194 /* Build configuration list for PBXNativeTarget "IntentFramework" */ = {
			isa = XCConfigurationList;
			buildConfigurations = (
				118CC71B21495D0D00FAD194 /* Debug */,
				118CC71C21495D0D00FAD194 /* Release */,
			);
			defaultConfigurationIsVisible = 0;
			defaultConfigurationName = Release;
		};
		118CC7432149604300FAD194 /* Build configuration list for PBXNativeTarget "DemoIntentExtensionUI" */ = {
			isa = XCConfigurationList;
			buildConfigurations = (
				118CC7442149604300FAD194 /* Debug */,
				118CC7452149604300FAD194 /* Release */,
			);
			defaultConfigurationIsVisible = 0;
			defaultConfigurationName = Release;
		};
		118CC7462149604300FAD194 /* Build configuration list for PBXNativeTarget "DemoIntentExtension" */ = {
			isa = XCConfigurationList;
			buildConfigurations = (
				118CC7472149604300FAD194 /* Debug */,
				118CC7482149604300FAD194 /* Release */,
			);
			defaultConfigurationIsVisible = 0;
			defaultConfigurationName = Release;
		};
		11D1421A213DC8CC00B264FD /* Build configuration list for PBXProject "FancyShop" */ = {
			isa = XCConfigurationList;
			buildConfigurations = (
				11D1422F213DC8CE00B264FD /* Debug */,
				11D14230213DC8CE00B264FD /* Release */,
			);
			defaultConfigurationIsVisible = 0;
			defaultConfigurationName = Release;
		};
		11D14231213DC8CE00B264FD /* Build configuration list for PBXNativeTarget "FancyShop" */ = {
			isa = XCConfigurationList;
			buildConfigurations = (
				11D14232213DC8CE00B264FD /* Debug */,
				11D14233213DC8CE00B264FD /* Release */,
			);
			defaultConfigurationIsVisible = 0;
			defaultConfigurationName = Release;
		};
		11D550BA214D601600F5F277 /* Build configuration list for PBXNativeTarget "FancyWatch Extension" */ = {
			isa = XCConfigurationList;
			buildConfigurations = (
				11D550B8214D601600F5F277 /* Debug */,
				11D550B9214D601600F5F277 /* Release */,
			);
			defaultConfigurationIsVisible = 0;
			defaultConfigurationName = Release;
		};
		11D550BC214D601600F5F277 /* Build configuration list for PBXNativeTarget "FancyWatch" */ = {
			isa = XCConfigurationList;
			buildConfigurations = (
				11D550B6214D601600F5F277 /* Debug */,
				11D550B7214D601600F5F277 /* Release */,
			);
			defaultConfigurationIsVisible = 0;
			defaultConfigurationName = Release;
		};
		11D550CA214D602200F5F277 /* Build configuration list for PBXNativeTarget "WatchIntentExtension" */ = {
			isa = XCConfigurationList;
			buildConfigurations = (
				11D550CB214D602200F5F277 /* Debug */,
				11D550CC214D602200F5F277 /* Release */,
			);
			defaultConfigurationIsVisible = 0;
			defaultConfigurationName = Release;
		};
		11D550DC214D604200F5F277 /* Build configuration list for PBXNativeTarget "WatchFramework" */ = {
			isa = XCConfigurationList;
			buildConfigurations = (
				11D550DD214D604200F5F277 /* Debug */,
				11D550DE214D604200F5F277 /* Release */,
			);
			defaultConfigurationIsVisible = 0;
			defaultConfigurationName = Release;
		};
/* End XCConfigurationList section */
	};
	rootObject = 11D14217213DC8CC00B264FD /* Project object */;
}
